
Microsoft Visual Studio Solution File, Format Version 12.00
# Visual Studio Version 16
VisualStudioVersion = 16.0.30011.22
MinimumVisualStudioVersion = 10.0.40219.1
Project("{9A19103F-16F7-4668-BE54-9A1E7A4F7556}") = "dockertest", "dockertest\dockertest.csproj", "{E4867F0E-74B5-4B2B-87E4-1EE1B3480AF4}"
EndProject
Project("{E53339B2-1760-4266-BCC7-CA923CBCF16C}") = "docker-compose", "docker-compose.dcproj", "{FDC4BCFB-077C-48EB-B954-0DBEFC93B945}"
EndProject
Global
	GlobalSection(SolutionConfigurationPlatforms) = preSolution
		Debug|Any CPU = Debug|Any CPU
		Release|Any CPU = Release|Any CPU
	EndGlobalSection
	GlobalSection(ProjectConfigurationPlatforms) = postSolution
		{E4867F0E-74B5-4B2B-87E4-1EE1B3480AF4}.Debug|Any CPU.ActiveCfg = Debug|Any CPU
		{E4867F0E-74B5-4B2B-87E4-1EE1B3480AF4}.Debug|Any CPU.Build.0 = Debug|Any CPU
		{E4867F0E-74B5-4B2B-87E4-1EE1B3480AF4}.Release|Any CPU.ActiveCfg = Release|Any CPU
		{E4867F0E-74B5-4B2B-87E4-1EE1B3480AF4}.Release|Any CPU.Build.0 = Release|Any CPU
		{FDC4BCFB-077C-48EB-B954-0DBEFC93B945}.Debug|Any CPU.ActiveCfg = Debug|Any CPU
		{FDC4BCFB-077C-48EB-B954-0DBEFC93B945}.Debug|Any CPU.Build.0 = Debug|Any CPU
		{FDC4BCFB-077C-48EB-B954-0DBEFC93B945}.Release|Any CPU.ActiveCfg = Release|Any CPU
		{FDC4BCFB-077C-48EB-B954-0DBEFC93B945}.Release|Any CPU.Build.0 = Release|Any CPU
	EndGlobalSection
	GlobalSection(SolutionProperties) = preSolution
		HideSolutionNode = FALSE
	EndGlobalSection
	GlobalSection(ExtensibilityGlobals) = postSolution
		SolutionGuid = {B224B097-E7CC-4102-8D42-761D706E952F}
	EndGlobalSection
EndGlobal
